// !$*UTF8*$!
{
	archiveVersion = 1;
	classes = {
	};
	objectVersion = 56;
	objects = {

/* Begin PBXBuildFile section */
		A13079D42A44B8EF00B7E27D /* AddTaskView.swift in Sources */ = {isa = PBXBuildFile; fileRef = A13079D32A44B8EF00B7E27D /* AddTaskView.swift */; };
		A13079D72A44CA3C00B7E27D /* CheckBoxView.swift in Sources */ = {isa = PBXBuildFile; fileRef = A13079D62A44CA3C00B7E27D /* CheckBoxView.swift */; };
		A1719A232A42EA0900A9E731 /* ProjectDetails.swift in Sources */ = {isa = PBXBuildFile; fileRef = A1719A222A42EA0900A9E731 /* ProjectDetails.swift */; };
		A1719A252A42F0AC00A9E731 /* ProjectForm.swift in Sources */ = {isa = PBXBuildFile; fileRef = A1719A242A42F0AC00A9E731 /* ProjectForm.swift */; };
		A1719A292A42FAD500A9E731 /* TaskRow.swift in Sources */ = {isa = PBXBuildFile; fileRef = A1719A282A42FAD500A9E731 /* TaskRow.swift */; };
		A19D5C382A42015000941199 /* BuildYourTimeApp.swift in Sources */ = {isa = PBXBuildFile; fileRef = A19D5C372A42015000941199 /* BuildYourTimeApp.swift */; };
		A19D5C3C2A42015000941199 /* ContentView.swift in Sources */ = {isa = PBXBuildFile; fileRef = A19D5C3B2A42015000941199 /* ContentView.swift */; };
		A19D5C3E2A42015000941199 /* Assets.xcassets in Resources */ = {isa = PBXBuildFile; fileRef = A19D5C3D2A42015000941199 /* Assets.xcassets */; };
		A19D5C422A42015000941199 /* Preview Assets.xcassets in Resources */ = {isa = PBXBuildFile; fileRef = A19D5C412A42015000941199 /* Preview Assets.xcassets */; };
		A19D5C4D2A42015000941199 /* BuildYourTime2Tests.swift in Sources */ = {isa = PBXBuildFile; fileRef = A19D5C4C2A42015000941199 /* BuildYourTime2Tests.swift */; };
		A19D5C572A42015000941199 /* BuildYourTime2UITests.swift in Sources */ = {isa = PBXBuildFile; fileRef = A19D5C562A42015000941199 /* BuildYourTime2UITests.swift */; };
		A19D5C592A42015000941199 /* BuildYourTime2UITestsLaunchTests.swift in Sources */ = {isa = PBXBuildFile; fileRef = A19D5C582A42015000941199 /* BuildYourTime2UITestsLaunchTests.swift */; };
		A19D5C672A42016500941199 /* Project.swift in Sources */ = {isa = PBXBuildFile; fileRef = A19D5C662A42016500941199 /* Project.swift */; };
		A19D5C692A42016D00941199 /* Task.swift in Sources */ = {isa = PBXBuildFile; fileRef = A19D5C682A42016D00941199 /* Task.swift */; };
		A19D5C6C2A4203D300941199 /* PreviewSampleData.swift in Sources */ = {isa = PBXBuildFile; fileRef = A19D5C6B2A4203D300941199 /* PreviewSampleData.swift */; };
		A1E340972A67D2FE004EB2B5 /* StopWatchManager.swift in Sources */ = {isa = PBXBuildFile; fileRef = A1E340962A67D2FE004EB2B5 /* StopWatchManager.swift */; };
		A1E340992A67E02D004EB2B5 /* TimerButtonView.swift in Sources */ = {isa = PBXBuildFile; fileRef = A1E340982A67E02D004EB2B5 /* TimerButtonView.swift */; };
		A1E3409B2A680005004EB2B5 /* TaskView.swift in Sources */ = {isa = PBXBuildFile; fileRef = A1E3409A2A680005004EB2B5 /* TaskView.swift */; };
		A1E3409D2A680DFB004EB2B5 /* SubTaskForm.swift in Sources */ = {isa = PBXBuildFile; fileRef = A1E3409C2A680DFB004EB2B5 /* SubTaskForm.swift */; };
/* End PBXBuildFile section */

/* Begin PBXContainerItemProxy section */
		A19D5C492A42015000941199 /* PBXContainerItemProxy */ = {
			isa = PBXContainerItemProxy;
			containerPortal = A19D5C2C2A42015000941199 /* Project object */;
			proxyType = 1;
			remoteGlobalIDString = A19D5C332A42015000941199;
			remoteInfo = BuildYourTime2;
		};
		A19D5C532A42015000941199 /* PBXContainerItemProxy */ = {
			isa = PBXContainerItemProxy;
			containerPortal = A19D5C2C2A42015000941199 /* Project object */;
			proxyType = 1;
			remoteGlobalIDString = A19D5C332A42015000941199;
			remoteInfo = BuildYourTime2;
		};
/* End PBXContainerItemProxy section */

/* Begin PBXFileReference section */
		A13079D32A44B8EF00B7E27D /* AddTaskView.swift */ = {isa = PBXFileReference; lastKnownFileType = sourcecode.swift; path = AddTaskView.swift; sourceTree = "<group>"; };
		A13079D62A44CA3C00B7E27D /* CheckBoxView.swift */ = {isa = PBXFileReference; lastKnownFileType = sourcecode.swift; path = CheckBoxView.swift; sourceTree = "<group>"; };
		A1719A222A42EA0900A9E731 /* ProjectDetails.swift */ = {isa = PBXFileReference; lastKnownFileType = sourcecode.swift; path = ProjectDetails.swift; sourceTree = "<group>"; };
		A1719A242A42F0AC00A9E731 /* ProjectForm.swift */ = {isa = PBXFileReference; lastKnownFileType = sourcecode.swift; path = ProjectForm.swift; sourceTree = "<group>"; };
		A1719A282A42FAD500A9E731 /* TaskRow.swift */ = {isa = PBXFileReference; lastKnownFileType = sourcecode.swift; path = TaskRow.swift; sourceTree = "<group>"; };
		A19D5C342A42015000941199 /* BuildYourTime.app */ = {isa = PBXFileReference; explicitFileType = wrapper.application; includeInIndex = 0; path = BuildYourTime.app; sourceTree = BUILT_PRODUCTS_DIR; };
		A19D5C372A42015000941199 /* BuildYourTimeApp.swift */ = {isa = PBXFileReference; lastKnownFileType = sourcecode.swift; path = BuildYourTimeApp.swift; sourceTree = "<group>"; };
		A19D5C3B2A42015000941199 /* ContentView.swift */ = {isa = PBXFileReference; lastKnownFileType = sourcecode.swift; path = ContentView.swift; sourceTree = "<group>"; };
		A19D5C3D2A42015000941199 /* Assets.xcassets */ = {isa = PBXFileReference; lastKnownFileType = folder.assetcatalog; path = Assets.xcassets; sourceTree = "<group>"; };
		A19D5C3F2A42015000941199 /* BuildYourTime.entitlements */ = {isa = PBXFileReference; lastKnownFileType = text.plist.entitlements; path = BuildYourTime.entitlements; sourceTree = "<group>"; };
		A19D5C412A42015000941199 /* Preview Assets.xcassets */ = {isa = PBXFileReference; lastKnownFileType = folder.assetcatalog; path = "Preview Assets.xcassets"; sourceTree = "<group>"; };
		A19D5C432A42015000941199 /* Info.plist */ = {isa = PBXFileReference; lastKnownFileType = text.plist.xml; path = Info.plist; sourceTree = "<group>"; };
		A19D5C482A42015000941199 /* BuildYourTimeTests.xctest */ = {isa = PBXFileReference; explicitFileType = wrapper.cfbundle; includeInIndex = 0; path = BuildYourTimeTests.xctest; sourceTree = BUILT_PRODUCTS_DIR; };
		A19D5C4C2A42015000941199 /* BuildYourTime2Tests.swift */ = {isa = PBXFileReference; lastKnownFileType = sourcecode.swift; path = BuildYourTime2Tests.swift; sourceTree = "<group>"; };
		A19D5C522A42015000941199 /* BuildYourTimeUITests.xctest */ = {isa = PBXFileReference; explicitFileType = wrapper.cfbundle; includeInIndex = 0; path = BuildYourTimeUITests.xctest; sourceTree = BUILT_PRODUCTS_DIR; };
		A19D5C562A42015000941199 /* BuildYourTime2UITests.swift */ = {isa = PBXFileReference; lastKnownFileType = sourcecode.swift; path = BuildYourTime2UITests.swift; sourceTree = "<group>"; };
		A19D5C582A42015000941199 /* BuildYourTime2UITestsLaunchTests.swift */ = {isa = PBXFileReference; lastKnownFileType = sourcecode.swift; path = BuildYourTime2UITestsLaunchTests.swift; sourceTree = "<group>"; };
		A19D5C662A42016500941199 /* Project.swift */ = {isa = PBXFileReference; lastKnownFileType = sourcecode.swift; path = Project.swift; sourceTree = "<group>"; };
		A19D5C682A42016D00941199 /* Task.swift */ = {isa = PBXFileReference; lastKnownFileType = sourcecode.swift; path = Task.swift; sourceTree = "<group>"; };
		A19D5C6B2A4203D300941199 /* PreviewSampleData.swift */ = {isa = PBXFileReference; lastKnownFileType = sourcecode.swift; path = PreviewSampleData.swift; sourceTree = "<group>"; };
		A1E340962A67D2FE004EB2B5 /* StopWatchManager.swift */ = {isa = PBXFileReference; lastKnownFileType = sourcecode.swift; path = StopWatchManager.swift; sourceTree = "<group>"; };
		A1E340982A67E02D004EB2B5 /* TimerButtonView.swift */ = {isa = PBXFileReference; lastKnownFileType = sourcecode.swift; path = TimerButtonView.swift; sourceTree = "<group>"; };
		A1E3409A2A680005004EB2B5 /* TaskView.swift */ = {isa = PBXFileReference; lastKnownFileType = sourcecode.swift; path = TaskView.swift; sourceTree = "<group>"; };
		A1E3409C2A680DFB004EB2B5 /* SubTaskForm.swift */ = {isa = PBXFileReference; lastKnownFileType = sourcecode.swift; path = SubTaskForm.swift; sourceTree = "<group>"; };
/* End PBXFileReference section */

/* Begin PBXFrameworksBuildPhase section */
		A19D5C312A42015000941199 /* Frameworks */ = {
			isa = PBXFrameworksBuildPhase;
			buildActionMask = 2147483647;
			files = (
			);
			runOnlyForDeploymentPostprocessing = 0;
		};
		A19D5C452A42015000941199 /* Frameworks */ = {
			isa = PBXFrameworksBuildPhase;
			buildActionMask = 2147483647;
			files = (
			);
			runOnlyForDeploymentPostprocessing = 0;
		};
		A19D5C4F2A42015000941199 /* Frameworks */ = {
			isa = PBXFrameworksBuildPhase;
			buildActionMask = 2147483647;
			files = (
			);
			runOnlyForDeploymentPostprocessing = 0;
		};
/* End PBXFrameworksBuildPhase section */

/* Begin PBXGroup section */
		A13079D52A44CA2800B7E27D /* components */ = {
			isa = PBXGroup;
			children = (
				A13079D62A44CA3C00B7E27D /* CheckBoxView.swift */,
				A1E340982A67E02D004EB2B5 /* TimerButtonView.swift */,
			);
			path = components;
			sourceTree = "<group>";
		};
		A1719A262A42FABA00A9E731 /* project */ = {
			isa = PBXGroup;
			children = (
				A1719A222A42EA0900A9E731 /* ProjectDetails.swift */,
				A1719A242A42F0AC00A9E731 /* ProjectForm.swift */,
			);
			path = project;
			sourceTree = "<group>";
		};
		A1719A272A42FAC600A9E731 /* task */ = {
			isa = PBXGroup;
			children = (
				A1719A282A42FAD500A9E731 /* TaskRow.swift */,
				A13079D32A44B8EF00B7E27D /* AddTaskView.swift */,
				A1E3409A2A680005004EB2B5 /* TaskView.swift */,
				A1E3409C2A680DFB004EB2B5 /* SubTaskForm.swift */,
			);
			path = task;
			sourceTree = "<group>";
		};
		A19D5C2B2A42015000941199 = {
			isa = PBXGroup;
			children = (
				A19D5C652A42015700941199 /* Shared */,
				A19D5C362A42015000941199 /* BuildYourTime */,
				A19D5C4B2A42015000941199 /* BuildYourTimeTests */,
				A19D5C552A42015000941199 /* BuildYourTimeUITests */,
				A19D5C352A42015000941199 /* Products */,
			);
			sourceTree = "<group>";
		};
		A19D5C352A42015000941199 /* Products */ = {
			isa = PBXGroup;
			children = (
				A19D5C342A42015000941199 /* BuildYourTime.app */,
				A19D5C482A42015000941199 /* BuildYourTimeTests.xctest */,
				A19D5C522A42015000941199 /* BuildYourTimeUITests.xctest */,
			);
			name = Products;
			sourceTree = "<group>";
		};
		A19D5C362A42015000941199 /* BuildYourTime */ = {
			isa = PBXGroup;
			children = (
				A19D5C372A42015000941199 /* BuildYourTimeApp.swift */,
				A1E340952A67D2F0004EB2B5 /* Helpers */,
				A19D5C6A2A4201A500941199 /* Views */,
				A19D5C3D2A42015000941199 /* Assets.xcassets */,
				A19D5C3F2A42015000941199 /* BuildYourTime.entitlements */,
				A19D5C432A42015000941199 /* Info.plist */,
				A19D5C402A42015000941199 /* Preview Content */,
			);
			path = BuildYourTime;
			sourceTree = "<group>";
		};
		A19D5C402A42015000941199 /* Preview Content */ = {
			isa = PBXGroup;
			children = (
				A19D5C412A42015000941199 /* Preview Assets.xcassets */,
			);
			path = "Preview Content";
			sourceTree = "<group>";
		};
		A19D5C4B2A42015000941199 /* BuildYourTimeTests */ = {
			isa = PBXGroup;
			children = (
				A19D5C4C2A42015000941199 /* BuildYourTime2Tests.swift */,
			);
			path = BuildYourTimeTests;
			sourceTree = "<group>";
		};
		A19D5C552A42015000941199 /* BuildYourTimeUITests */ = {
			isa = PBXGroup;
			children = (
				A19D5C562A42015000941199 /* BuildYourTime2UITests.swift */,
				A19D5C582A42015000941199 /* BuildYourTime2UITestsLaunchTests.swift */,
			);
			path = BuildYourTimeUITests;
			sourceTree = "<group>";
		};
		A19D5C652A42015700941199 /* Shared */ = {
			isa = PBXGroup;
			children = (
				A19D5C662A42016500941199 /* Project.swift */,
				A19D5C682A42016D00941199 /* Task.swift */,
				A19D5C6B2A4203D300941199 /* PreviewSampleData.swift */,
			);
			path = Shared;
			sourceTree = "<group>";
		};
		A19D5C6A2A4201A500941199 /* Views */ = {
			isa = PBXGroup;
			children = (
				A19D5C3B2A42015000941199 /* ContentView.swift */,
				A13079D52A44CA2800B7E27D /* components */,
				A1719A262A42FABA00A9E731 /* project */,
				A1719A272A42FAC600A9E731 /* task */,
			);
			path = Views;
			sourceTree = "<group>";
		};
		A1E340952A67D2F0004EB2B5 /* Helpers */ = {
			isa = PBXGroup;
			children = (
				A1E340962A67D2FE004EB2B5 /* StopWatchManager.swift */,
			);
			path = Helpers;
			sourceTree = "<group>";
		};
/* End PBXGroup section */

/* Begin PBXNativeTarget section */
		A19D5C332A42015000941199 /* BuildYourTime */ = {
			isa = PBXNativeTarget;
			buildConfigurationList = A19D5C5C2A42015000941199 /* Build configuration list for PBXNativeTarget "BuildYourTime" */;
			buildPhases = (
				A19D5C302A42015000941199 /* Sources */,
				A19D5C312A42015000941199 /* Frameworks */,
				A19D5C322A42015000941199 /* Resources */,
			);
			buildRules = (
			);
			dependencies = (
			);
			name = BuildYourTime;
			productName = BuildYourTime2;
			productReference = A19D5C342A42015000941199 /* BuildYourTime.app */;
			productType = "com.apple.product-type.application";
		};
		A19D5C472A42015000941199 /* BuildYourTimeTests */ = {
			isa = PBXNativeTarget;
			buildConfigurationList = A19D5C5F2A42015000941199 /* Build configuration list for PBXNativeTarget "BuildYourTimeTests" */;
			buildPhases = (
				A19D5C442A42015000941199 /* Sources */,
				A19D5C452A42015000941199 /* Frameworks */,
				A19D5C462A42015000941199 /* Resources */,
			);
			buildRules = (
			);
			dependencies = (
				A19D5C4A2A42015000941199 /* PBXTargetDependency */,
			);
			name = BuildYourTimeTests;
			productName = BuildYourTime2Tests;
			productReference = A19D5C482A42015000941199 /* BuildYourTimeTests.xctest */;
			productType = "com.apple.product-type.bundle.unit-test";
		};
		A19D5C512A42015000941199 /* BuildYourTimeUITests */ = {
			isa = PBXNativeTarget;
			buildConfigurationList = A19D5C622A42015000941199 /* Build configuration list for PBXNativeTarget "BuildYourTimeUITests" */;
			buildPhases = (
				A19D5C4E2A42015000941199 /* Sources */,
				A19D5C4F2A42015000941199 /* Frameworks */,
				A19D5C502A42015000941199 /* Resources */,
			);
			buildRules = (
			);
			dependencies = (
				A19D5C542A42015000941199 /* PBXTargetDependency */,
			);
			name = BuildYourTimeUITests;
			productName = BuildYourTime2UITests;
			productReference = A19D5C522A42015000941199 /* BuildYourTimeUITests.xctest */;
			productType = "com.apple.product-type.bundle.ui-testing";
		};
/* End PBXNativeTarget section */

/* Begin PBXProject section */
		A19D5C2C2A42015000941199 /* Project object */ = {
			isa = PBXProject;
			attributes = {
				BuildIndependentTargetsInParallel = 1;
				LastSwiftUpdateCheck = 1500;
				LastUpgradeCheck = 1500;
				TargetAttributes = {
					A19D5C332A42015000941199 = {
						CreatedOnToolsVersion = 15.0;
					};
					A19D5C472A42015000941199 = {
						CreatedOnToolsVersion = 15.0;
						TestTargetID = A19D5C332A42015000941199;
					};
					A19D5C512A42015000941199 = {
						CreatedOnToolsVersion = 15.0;
						TestTargetID = A19D5C332A42015000941199;
					};
				};
			};
			buildConfigurationList = A19D5C2F2A42015000941199 /* Build configuration list for PBXProject "BuildYourTime" */;
			compatibilityVersion = "Xcode 14.0";
			developmentRegion = en;
			hasScannedForEncodings = 0;
			knownRegions = (
				en,
				Base,
			);
			mainGroup = A19D5C2B2A42015000941199;
			productRefGroup = A19D5C352A42015000941199 /* Products */;
			projectDirPath = "";
			projectRoot = "";
			targets = (
				A19D5C332A42015000941199 /* BuildYourTime */,
				A19D5C472A42015000941199 /* BuildYourTimeTests */,
				A19D5C512A42015000941199 /* BuildYourTimeUITests */,
			);
		};
/* End PBXProject section */

/* Begin PBXResourcesBuildPhase section */
		A19D5C322A42015000941199 /* Resources */ = {
			isa = PBXResourcesBuildPhase;
			buildActionMask = 2147483647;
			files = (
				A19D5C422A42015000941199 /* Preview Assets.xcassets in Resources */,
				A19D5C3E2A42015000941199 /* Assets.xcassets in Resources */,
			);
			runOnlyForDeploymentPostprocessing = 0;
		};
		A19D5C462A42015000941199 /* Resources */ = {
			isa = PBXResourcesBuildPhase;
			buildActionMask = 2147483647;
			files = (
			);
			runOnlyForDeploymentPostprocessing = 0;
		};
		A19D5C502A42015000941199 /* Resources */ = {
			isa = PBXResourcesBuildPhase;
			buildActionMask = 2147483647;
			files = (
			);
			runOnlyForDeploymentPostprocessing = 0;
		};
/* End PBXResourcesBuildPhase section */

/* Begin PBXSourcesBuildPhase section */
		A19D5C302A42015000941199 /* Sources */ = {
			isa = PBXSourcesBuildPhase;
			buildActionMask = 2147483647;
			files = (
				A19D5C382A42015000941199 /* BuildYourTimeApp.swift in Sources */,
				A13079D72A44CA3C00B7E27D /* CheckBoxView.swift in Sources */,
				A1719A232A42EA0900A9E731 /* ProjectDetails.swift in Sources */,
				A1719A292A42FAD500A9E731 /* TaskRow.swift in Sources */,
				A13079D42A44B8EF00B7E27D /* AddTaskView.swift in Sources */,
				A19D5C692A42016D00941199 /* Task.swift in Sources */,
				A1719A252A42F0AC00A9E731 /* ProjectForm.swift in Sources */,
				A1E3409D2A680DFB004EB2B5 /* SubTaskForm.swift in Sources */,
				A1E3409B2A680005004EB2B5 /* TaskView.swift in Sources */,
				A19D5C3C2A42015000941199 /* ContentView.swift in Sources */,
				A1E340992A67E02D004EB2B5 /* TimerButtonView.swift in Sources */,
				A19D5C672A42016500941199 /* Project.swift in Sources */,
				A1E340972A67D2FE004EB2B5 /* StopWatchManager.swift in Sources */,
				A19D5C6C2A4203D300941199 /* PreviewSampleData.swift in Sources */,
			);
			runOnlyForDeploymentPostprocessing = 0;
		};
		A19D5C442A42015000941199 /* Sources */ = {
			isa = PBXSourcesBuildPhase;
			buildActionMask = 2147483647;
			files = (
				A19D5C4D2A42015000941199 /* BuildYourTime2Tests.swift in Sources */,
			);
			runOnlyForDeploymentPostprocessing = 0;
		};
		A19D5C4E2A42015000941199 /* Sources */ = {
			isa = PBXSourcesBuildPhase;
			buildActionMask = 2147483647;
			files = (
				A19D5C592A42015000941199 /* BuildYourTime2UITestsLaunchTests.swift in Sources */,
				A19D5C572A42015000941199 /* BuildYourTime2UITests.swift in Sources */,
			);
			runOnlyForDeploymentPostprocessing = 0;
		};
/* End PBXSourcesBuildPhase section */

/* Begin PBXTargetDependency section */
		A19D5C4A2A42015000941199 /* PBXTargetDependency */ = {
			isa = PBXTargetDependency;
			target = A19D5C332A42015000941199 /* BuildYourTime */;
			targetProxy = A19D5C492A42015000941199 /* PBXContainerItemProxy */;
		};
		A19D5C542A42015000941199 /* PBXTargetDependency */ = {
			isa = PBXTargetDependency;
			target = A19D5C332A42015000941199 /* BuildYourTime */;
			targetProxy = A19D5C532A42015000941199 /* PBXContainerItemProxy */;
		};
/* End PBXTargetDependency section */

/* Begin XCBuildConfiguration section */
		A19D5C5A2A42015000941199 /* Debug */ = {
			isa = XCBuildConfiguration;
			buildSettings = {
				ALWAYS_SEARCH_USER_PATHS = NO;
				ASSETCATALOG_COMPILER_GENERATE_SWIFT_ASSET_SYMBOL_EXTENSIONS = YES;
				CLANG_ANALYZER_NONNULL = YES;
				CLANG_ANALYZER_NUMBER_OBJECT_CONVERSION = YES_AGGRESSIVE;
				CLANG_CXX_LANGUAGE_STANDARD = "gnu++20";
				CLANG_ENABLE_MODULES = YES;
				CLANG_ENABLE_OBJC_ARC = YES;
				CLANG_ENABLE_OBJC_WEAK = YES;
				CLANG_WARN_BLOCK_CAPTURE_AUTORELEASING = YES;
				CLANG_WARN_BOOL_CONVERSION = YES;
				CLANG_WARN_COMMA = YES;
				CLANG_WARN_CONSTANT_CONVERSION = YES;
				CLANG_WARN_DEPRECATED_OBJC_IMPLEMENTATIONS = YES;
				CLANG_WARN_DIRECT_OBJC_ISA_USAGE = YES_ERROR;
				CLANG_WARN_DOCUMENTATION_COMMENTS = YES;
				CLANG_WARN_EMPTY_BODY = YES;
				CLANG_WARN_ENUM_CONVERSION = YES;
				CLANG_WARN_INFINITE_RECURSION = YES;
				CLANG_WARN_INT_CONVERSION = YES;
				CLANG_WARN_NON_LITERAL_NULL_CONVERSION = YES;
				CLANG_WARN_OBJC_IMPLICIT_RETAIN_SELF = YES;
				CLANG_WARN_OBJC_LITERAL_CONVERSION = YES;
				CLANG_WARN_OBJC_ROOT_CLASS = YES_ERROR;
				CLANG_WARN_QUOTED_INCLUDE_IN_FRAMEWORK_HEADER = YES;
				CLANG_WARN_RANGE_LOOP_ANALYSIS = YES;
				CLANG_WARN_STRICT_PROTOTYPES = YES;
				CLANG_WARN_SUSPICIOUS_MOVE = YES;
				CLANG_WARN_UNGUARDED_AVAILABILITY = YES_AGGRESSIVE;
				CLANG_WARN_UNREACHABLE_CODE = YES;
				CLANG_WARN__DUPLICATE_METHOD_MATCH = YES;
				COPY_PHASE_STRIP = NO;
				DEBUG_INFORMATION_FORMAT = dwarf;
				ENABLE_STRICT_OBJC_MSGSEND = YES;
				ENABLE_TESTABILITY = YES;
				ENABLE_USER_SCRIPT_SANDBOXING = YES;
				GCC_C_LANGUAGE_STANDARD = gnu17;
				GCC_DYNAMIC_NO_PIC = NO;
				GCC_NO_COMMON_BLOCKS = YES;
				GCC_OPTIMIZATION_LEVEL = 0;
				GCC_PREPROCESSOR_DEFINITIONS = (
					"DEBUG=1",
					"$(inherited)",
				);
				GCC_WARN_64_TO_32_BIT_CONVERSION = YES;
				GCC_WARN_ABOUT_RETURN_TYPE = YES_ERROR;
				GCC_WARN_UNDECLARED_SELECTOR = YES;
				GCC_WARN_UNINITIALIZED_AUTOS = YES_AGGRESSIVE;
				GCC_WARN_UNUSED_FUNCTION = YES;
				GCC_WARN_UNUSED_VARIABLE = YES;
				IPHONEOS_DEPLOYMENT_TARGET = 17.0;
				LOCALIZATION_PREFERS_STRING_CATALOGS = YES;
				MACOSX_DEPLOYMENT_TARGET = 14.0;
				MTL_ENABLE_DEBUG_INFO = INCLUDE_SOURCE;
				MTL_FAST_MATH = YES;
				ONLY_ACTIVE_ARCH = YES;
				SWIFT_ACTIVE_COMPILATION_CONDITIONS = "DEBUG $(inherited)";
				SWIFT_OPTIMIZATION_LEVEL = "-Onone";
			};
			name = Debug;
		};
		A19D5C5B2A42015000941199 /* Release */ = {
			isa = XCBuildConfiguration;
			buildSettings = {
				ALWAYS_SEARCH_USER_PATHS = NO;
				ASSETCATALOG_COMPILER_GENERATE_SWIFT_ASSET_SYMBOL_EXTENSIONS = YES;
				CLANG_ANALYZER_NONNULL = YES;
				CLANG_ANALYZER_NUMBER_OBJECT_CONVERSION = YES_AGGRESSIVE;
				CLANG_CXX_LANGUAGE_STANDARD = "gnu++20";
				CLANG_ENABLE_MODULES = YES;
				CLANG_ENABLE_OBJC_ARC = YES;
				CLANG_ENABLE_OBJC_WEAK = YES;
				CLANG_WARN_BLOCK_CAPTURE_AUTORELEASING = YES;
				CLANG_WARN_BOOL_CONVERSION = YES;
				CLANG_WARN_COMMA = YES;
				CLANG_WARN_CONSTANT_CONVERSION = YES;
				CLANG_WARN_DEPRECATED_OBJC_IMPLEMENTATIONS = YES;
				CLANG_WARN_DIRECT_OBJC_ISA_USAGE = YES_ERROR;
				CLANG_WARN_DOCUMENTATION_COMMENTS = YES;
				CLANG_WARN_EMPTY_BODY = YES;
				CLANG_WARN_ENUM_CONVERSION = YES;
				CLANG_WARN_INFINITE_RECURSION = YES;
				CLANG_WARN_INT_CONVERSION = YES;
				CLANG_WARN_NON_LITERAL_NULL_CONVERSION = YES;
				CLANG_WARN_OBJC_IMPLICIT_RETAIN_SELF = YES;
				CLANG_WARN_OBJC_LITERAL_CONVERSION = YES;
				CLANG_WARN_OBJC_ROOT_CLASS = YES_ERROR;
				CLANG_WARN_QUOTED_INCLUDE_IN_FRAMEWORK_HEADER = YES;
				CLANG_WARN_RANGE_LOOP_ANALYSIS = YES;
				CLANG_WARN_STRICT_PROTOTYPES = YES;
				CLANG_WARN_SUSPICIOUS_MOVE = YES;
				CLANG_WARN_UNGUARDED_AVAILABILITY = YES_AGGRESSIVE;
				CLANG_WARN_UNREACHABLE_CODE = YES;
				CLANG_WARN__DUPLICATE_METHOD_MATCH = YES;
				COPY_PHASE_STRIP = NO;
				DEBUG_INFORMATION_FORMAT = "dwarf-with-dsym";
				ENABLE_NS_ASSERTIONS = NO;
				ENABLE_STRICT_OBJC_MSGSEND = YES;
				ENABLE_USER_SCRIPT_SANDBOXING = YES;
				GCC_C_LANGUAGE_STANDARD = gnu17;
				GCC_NO_COMMON_BLOCKS = YES;
				GCC_WARN_64_TO_32_BIT_CONVERSION = YES;
				GCC_WARN_ABOUT_RETURN_TYPE = YES_ERROR;
				GCC_WARN_UNDECLARED_SELECTOR = YES;
				GCC_WARN_UNINITIALIZED_AUTOS = YES_AGGRESSIVE;
				GCC_WARN_UNUSED_FUNCTION = YES;
				GCC_WARN_UNUSED_VARIABLE = YES;
				IPHONEOS_DEPLOYMENT_TARGET = 17.0;
				LOCALIZATION_PREFERS_STRING_CATALOGS = YES;
				MACOSX_DEPLOYMENT_TARGET = 14.0;
				MTL_ENABLE_DEBUG_INFO = NO;
				MTL_FAST_MATH = YES;
				SWIFT_COMPILATION_MODE = wholemodule;
			};
			name = Release;
		};
		A19D5C5D2A42015000941199 /* Debug */ = {
			isa = XCBuildConfiguration;
			buildSettings = {
				ASSETCATALOG_COMPILER_APPICON_NAME = AppIcon;
				ASSETCATALOG_COMPILER_GLOBAL_ACCENT_COLOR_NAME = AccentColor;
				CODE_SIGN_ENTITLEMENTS = BuildYourTime/BuildYourTime.entitlements;
				CODE_SIGN_STYLE = Automatic;
				CURRENT_PROJECT_VERSION = 1;
				DEVELOPMENT_ASSET_PATHS = "\"BuildYourTime/Preview Content\"";
				DEVELOPMENT_TEAM = VW9T6WTC98;
				ENABLE_HARDENED_RUNTIME = YES;
				ENABLE_PREVIEWS = YES;
				GENERATE_INFOPLIST_FILE = YES;
				INFOPLIST_FILE = BuildYourTime/Info.plist;
				"INFOPLIST_KEY_UIApplicationSceneManifest_Generation[sdk=iphoneos*]" = YES;
				"INFOPLIST_KEY_UIApplicationSceneManifest_Generation[sdk=iphonesimulator*]" = YES;
				"INFOPLIST_KEY_UIApplicationSupportsIndirectInputEvents[sdk=iphoneos*]" = YES;
				"INFOPLIST_KEY_UIApplicationSupportsIndirectInputEvents[sdk=iphonesimulator*]" = YES;
				"INFOPLIST_KEY_UILaunchScreen_Generation[sdk=iphoneos*]" = YES;
				"INFOPLIST_KEY_UILaunchScreen_Generation[sdk=iphonesimulator*]" = YES;
				"INFOPLIST_KEY_UIStatusBarStyle[sdk=iphoneos*]" = UIStatusBarStyleDefault;
				"INFOPLIST_KEY_UIStatusBarStyle[sdk=iphonesimulator*]" = UIStatusBarStyleDefault;
				INFOPLIST_KEY_UISupportedInterfaceOrientations_iPad = "UIInterfaceOrientationPortrait UIInterfaceOrientationPortraitUpsideDown UIInterfaceOrientationLandscapeLeft UIInterfaceOrientationLandscapeRight";
				INFOPLIST_KEY_UISupportedInterfaceOrientations_iPhone = "UIInterfaceOrientationPortrait UIInterfaceOrientationLandscapeLeft UIInterfaceOrientationLandscapeRight";
				IPHONEOS_DEPLOYMENT_TARGET = 17.0;
				LD_RUNPATH_SEARCH_PATHS = "@executable_path/Frameworks";
				"LD_RUNPATH_SEARCH_PATHS[sdk=macosx*]" = "@executable_path/../Frameworks";
				MACOSX_DEPLOYMENT_TARGET = 13.4;
				MARKETING_VERSION = 1.0;
				PRODUCT_BUNDLE_IDENTIFIER = kmelicode.BuildYourTime;
				PRODUCT_NAME = "$(TARGET_NAME)";
				SDKROOT = auto;
				SUPPORTED_PLATFORMS = "iphoneos iphonesimulator macosx";
				SWIFT_EMIT_LOC_STRINGS = YES;
				SWIFT_VERSION = 5.0;
				TARGETED_DEVICE_FAMILY = "1,2";
			};
			name = Debug;
		};
		A19D5C5E2A42015000941199 /* Release */ = {
			isa = XCBuildConfiguration;
			buildSettings = {
				ASSETCATALOG_COMPILER_APPICON_NAME = AppIcon;
				ASSETCATALOG_COMPILER_GLOBAL_ACCENT_COLOR_NAME = AccentColor;
				CODE_SIGN_ENTITLEMENTS = BuildYourTime/BuildYourTime.entitlements;
				CODE_SIGN_STYLE = Automatic;
				CURRENT_PROJECT_VERSION = 1;
				DEVELOPMENT_ASSET_PATHS = "\"BuildYourTime/Preview Content\"";
				DEVELOPMENT_TEAM = VW9T6WTC98;
				ENABLE_HARDENED_RUNTIME = YES;
				ENABLE_PREVIEWS = YES;
				GENERATE_INFOPLIST_FILE = YES;
				INFOPLIST_FILE = BuildYourTime/Info.plist;
				"INFOPLIST_KEY_UIApplicationSceneManifest_Generation[sdk=iphoneos*]" = YES;
				"INFOPLIST_KEY_UIApplicationSceneManifest_Generation[sdk=iphonesimulator*]" = YES;
				"INFOPLIST_KEY_UIApplicationSupportsIndirectInputEvents[sdk=iphoneos*]" = YES;
				"INFOPLIST_KEY_UIApplicationSupportsIndirectInputEvents[sdk=iphonesimulator*]" = YES;
				"INFOPLIST_KEY_UILaunchScreen_Generation[sdk=iphoneos*]" = YES;
				"INFOPLIST_KEY_UILaunchScreen_Generation[sdk=iphonesimulator*]" = YES;
				"INFOPLIST_KEY_UIStatusBarStyle[sdk=iphoneos*]" = UIStatusBarStyleDefault;
				"INFOPLIST_KEY_UIStatusBarStyle[sdk=iphonesimulator*]" = UIStatusBarStyleDefault;
				INFOPLIST_KEY_UISupportedInterfaceOrientations_iPad = "UIInterfaceOrientationPortrait UIInterfaceOrientationPortraitUpsideDown UIInterfaceOrientationLandscapeLeft UIInterfaceOrientationLandscapeRight";
				INFOPLIST_KEY_UISupportedInterfaceOrientations_iPhone = "UIInterfaceOrientationPortrait UIInterfaceOrientationLandscapeLeft UIInterfaceOrientationLandscapeRight";
				IPHONEOS_DEPLOYMENT_TARGET = 17.0;
				LD_RUNPATH_SEARCH_PATHS = "@executable_path/Frameworks";
				"LD_RUNPATH_SEARCH_PATHS[sdk=macosx*]" = "@executable_path/../Frameworks";
				MACOSX_DEPLOYMENT_TARGET = 13.4;
				MARKETING_VERSION = 1.0;
				PRODUCT_BUNDLE_IDENTIFIER = kmelicode.BuildYourTime;
				PRODUCT_NAME = "$(TARGET_NAME)";
				SDKROOT = auto;
				SUPPORTED_PLATFORMS = "iphoneos iphonesimulator macosx";
				SWIFT_EMIT_LOC_STRINGS = YES;
				SWIFT_VERSION = 5.0;
				TARGETED_DEVICE_FAMILY = "1,2";
			};
			name = Release;
		};
		A19D5C602A42015000941199 /* Debug */ = {
			isa = XCBuildConfiguration;
			buildSettings = {
				ALWAYS_EMBED_SWIFT_STANDARD_LIBRARIES = YES;
				BUNDLE_LOADER = "$(TEST_HOST)";
				CODE_SIGN_STYLE = Automatic;
				CURRENT_PROJECT_VERSION = 1;
				DEVELOPMENT_TEAM = VW9T6WTC98;
				GENERATE_INFOPLIST_FILE = YES;
				IPHONEOS_DEPLOYMENT_TARGET = 17.0;
				MACOSX_DEPLOYMENT_TARGET = 13.4;
				MARKETING_VERSION = 1.0;
				PRODUCT_BUNDLE_IDENTIFIER = kmelicode.BuildYourTimeTests;
				PRODUCT_NAME = "$(TARGET_NAME)";
				SDKROOT = auto;
				SUPPORTED_PLATFORMS = "iphoneos iphonesimulator macosx";
				SWIFT_EMIT_LOC_STRINGS = NO;
				SWIFT_VERSION = 5.0;
				TARGETED_DEVICE_FAMILY = "1,2";
				TEST_HOST = "$(BUILT_PRODUCTS_DIR)/BuildYourTime.app/$(BUNDLE_EXECUTABLE_FOLDER_PATH)/BuildYourTime";
			};
			name = Debug;
		};
		A19D5C612A42015000941199 /* Release */ = {
			isa = XCBuildConfiguration;
			buildSettings = {
				ALWAYS_EMBED_SWIFT_STANDARD_LIBRARIES = YES;
				BUNDLE_LOADER = "$(TEST_HOST)";
				CODE_SIGN_STYLE = Automatic;
				CURRENT_PROJECT_VERSION = 1;
				DEVELOPMENT_TEAM = VW9T6WTC98;
				GENERATE_INFOPLIST_FILE = YES;
				IPHONEOS_DEPLOYMENT_TARGET = 17.0;
				MACOSX_DEPLOYMENT_TARGET = 13.4;
				MARKETING_VERSION = 1.0;
				PRODUCT_BUNDLE_IDENTIFIER = kmelicode.BuildYourTimeTests;
				PRODUCT_NAME = "$(TARGET_NAME)";
				SDKROOT = auto;
				SUPPORTED_PLATFORMS = "iphoneos iphonesimulator macosx";
				SWIFT_EMIT_LOC_STRINGS = NO;
				SWIFT_VERSION = 5.0;
				TARGETED_DEVICE_FAMILY = "1,2";
				TEST_HOST = "$(BUILT_PRODUCTS_DIR)/BuildYourTime.app/$(BUNDLE_EXECUTABLE_FOLDER_PATH)/BuildYourTime";
			};
			name = Release;
		};
		A19D5C632A42015000941199 /* Debug */ = {
			isa = XCBuildConfiguration;
			buildSettings = {
				ALWAYS_EMBED_SWIFT_STANDARD_LIBRARIES = YES;
				CODE_SIGN_STYLE = Automatic;
				CURRENT_PROJECT_VERSION = 1;
				DEVELOPMENT_TEAM = VW9T6WTC98;
				GENERATE_INFOPLIST_FILE = YES;
				IPHONEOS_DEPLOYMENT_TARGET = 17.0;
				MACOSX_DEPLOYMENT_TARGET = 13.4;
				MARKETING_VERSION = 1.0;
				PRODUCT_BUNDLE_IDENTIFIER = kmelicode.BuildYourTimeUITests;
				PRODUCT_NAME = "$(TARGET_NAME)";
				SDKROOT = auto;
				SUPPORTED_PLATFORMS = "iphoneos iphonesimulator macosx";
				SWIFT_EMIT_LOC_STRINGS = NO;
				SWIFT_VERSION = 5.0;
				TARGETED_DEVICE_FAMILY = "1,2";
				TEST_TARGET_NAME = BuildYourTime2;
			};
			name = Debug;
		};
		A19D5C642A42015000941199 /* Release */ = {
			isa = XCBuildConfiguration;
			buildSettings = {
				ALWAYS_EMBED_SWIFT_STANDARD_LIBRARIES = YES;
				CODE_SIGN_STYLE = Automatic;
				CURRENT_PROJECT_VERSION = 1;
				DEVELOPMENT_TEAM = VW9T6WTC98;
				GENERATE_INFOPLIST_FILE = YES;
				IPHONEOS_DEPLOYMENT_TARGET = 17.0;
				MACOSX_DEPLOYMENT_TARGET = 13.4;
				MARKETING_VERSION = 1.0;
				PRODUCT_BUNDLE_IDENTIFIER = kmelicode.BuildYourTimeUITests;
				PRODUCT_NAME = "$(TARGET_NAME)";
				SDKROOT = auto;
				SUPPORTED_PLATFORMS = "iphoneos iphonesimulator macosx";
				SWIFT_EMIT_LOC_STRINGS = NO;
				SWIFT_VERSION = 5.0;
				TARGETED_DEVICE_FAMILY = "1,2";
				TEST_TARGET_NAME = BuildYourTime2;
			};
			name = Release;
		};
/* End XCBuildConfiguration section */

/* Begin XCConfigurationList section */
		A19D5C2F2A42015000941199 /* Build configuration list for PBXProject "BuildYourTime" */ = {
			isa = XCConfigurationList;
			buildConfigurations = (
				A19D5C5A2A42015000941199 /* Debug */,
				A19D5C5B2A42015000941199 /* Release */,
			);
			defaultConfigurationIsVisible = 0;
			defaultConfigurationName = Release;
		};
		A19D5C5C2A42015000941199 /* Build configuration list for PBXNativeTarget "BuildYourTime" */ = {
			isa = XCConfigurationList;
			buildConfigurations = (
				A19D5C5D2A42015000941199 /* Debug */,
				A19D5C5E2A42015000941199 /* Release */,
			);
			defaultConfigurationIsVisible = 0;
			defaultConfigurationName = Release;
		};
		A19D5C5F2A42015000941199 /* Build configuration list for PBXNativeTarget "BuildYourTimeTests" */ = {
			isa = XCConfigurationList;
			buildConfigurations = (
				A19D5C602A42015000941199 /* Debug */,
				A19D5C612A42015000941199 /* Release */,
			);
			defaultConfigurationIsVisible = 0;
			defaultConfigurationName = Release;
		};
		A19D5C622A42015000941199 /* Build configuration list for PBXNativeTarget "BuildYourTimeUITests" */ = {
			isa = XCConfigurationList;
			buildConfigurations = (
				A19D5C632A42015000941199 /* Debug */,
				A19D5C642A42015000941199 /* Release */,
			);
			defaultConfigurationIsVisible = 0;
			defaultConfigurationName = Release;
		};
/* End XCConfigurationList section */
	};
	rootObject = A19D5C2C2A42015000941199 /* Project object */;
}
